
Microsoft Visual Studio Solution File, Format Version 12.00
# Visual Studio 15
VisualStudioVersion = 15.0.26730.15
MinimumVisualStudioVersion = 10.0.40219.1
Project("{FAE04EC0-301F-11D3-BF4B-00C04F79EFBC}") = "OcrTest2.Android", "OcrTest2\OcrTest2.Android\OcrTest2.Android.csproj", "{279FAE4E-0447-4ADA-9D54-AD63B6A136C1}"
EndProject
Project("{FAE04EC0-301F-11D3-BF4B-00C04F79EFBC}") = "OcrTest2", "OcrTest2\OcrTest2\OcrTest2.csproj", "{46E71514-1171-4C59-AB00-B130110D139E}"
EndProject
Project("{FAE04EC0-301F-11D3-BF4B-00C04F79EFBC}") = "OcrTest2.UWP", "OcrTest2\OcrTest2.UWP\OcrTest2.UWP.csproj", "{3742C3F7-8501-4717-B655-2F7C84893AFB}"
EndProject
Project("{FAE04EC0-301F-11D3-BF4B-00C04F79EFBC}") = "OcrTest2.iOS", "OcrTest2\OcrTest2.iOS\OcrTest2.iOS.csproj", "{8BCE2884-0007-40E5-9D59-FEEA64CF29AD}"
EndProject
Global
	GlobalSection(SolutionConfigurationPlatforms) = preSolution
		Ad-Hoc|Any CPU = Ad-Hoc|Any CPU
		Ad-Hoc|ARM = Ad-Hoc|ARM
		Ad-Hoc|iPhone = Ad-Hoc|iPhone
		Ad-Hoc|iPhoneSimulator = Ad-Hoc|iPhoneSimulator
		Ad-Hoc|x64 = Ad-Hoc|x64
		Ad-Hoc|x86 = Ad-Hoc|x86
		AppStore|Any CPU = AppStore|Any CPU
		AppStore|ARM = AppStore|ARM
		AppStore|iPhone = AppStore|iPhone
		AppStore|iPhoneSimulator = AppStore|iPhoneSimulator
		AppStore|x64 = AppStore|x64
		AppStore|x86 = AppStore|x86
		Debug|Any CPU = Debug|Any CPU
		Debug|ARM = Debug|ARM
		Debug|iPhone = Debug|iPhone
		Debug|iPhoneSimulator = Debug|iPhoneSimulator
		Debug|x64 = Debug|x64
		Debug|x86 = Debug|x86
		Release|Any CPU = Release|Any CPU
		Release|ARM = Release|ARM
		Release|iPhone = Release|iPhone
		Release|iPhoneSimulator = Release|iPhoneSimulator
		Release|x64 = Release|x64
		Release|x86 = Release|x86
	EndGlobalSection
	GlobalSection(ProjectConfigurationPlatforms) = postSolution
		{279FAE4E-0447-4ADA-9D54-AD63B6A136C1}.Ad-Hoc|Any CPU.ActiveCfg = Release|Any CPU
		{279FAE4E-0447-4ADA-9D54-AD63B6A136C1}.Ad-Hoc|Any CPU.Build.0 = Release|Any CPU
		{279FAE4E-0447-4ADA-9D54-AD63B6A136C1}.Ad-Hoc|Any CPU.Deploy.0 = Release|Any CPU
		{279FAE4E-0447-4ADA-9D54-AD63B6A136C1}.Ad-Hoc|ARM.ActiveCfg = Release|Any CPU
		{279FAE4E-0447-4ADA-9D54-AD63B6A136C1}.Ad-Hoc|ARM.Build.0 = Release|Any CPU
		{279FAE4E-0447-4ADA-9D54-AD63B6A136C1}.Ad-Hoc|ARM.Deploy.0 = Release|Any CPU
		{279FAE4E-0447-4ADA-9D54-AD63B6A136C1}.Ad-Hoc|iPhone.ActiveCfg = Release|Any CPU
		{279FAE4E-0447-4ADA-9D54-AD63B6A136C1}.Ad-Hoc|iPhone.Build.0 = Release|Any CPU
		{279FAE4E-0447-4ADA-9D54-AD63B6A136C1}.Ad-Hoc|iPhone.Deploy.0 = Release|Any CPU
		{279FAE4E-0447-4ADA-9D54-AD63B6A136C1}.Ad-Hoc|iPhoneSimulator.ActiveCfg = Release|Any CPU
		{279FAE4E-0447-4ADA-9D54-AD63B6A136C1}.Ad-Hoc|iPhoneSimulator.Build.0 = Release|Any CPU
		{279FAE4E-0447-4ADA-9D54-AD63B6A136C1}.Ad-Hoc|iPhoneSimulator.Deploy.0 = Release|Any CPU
		{279FAE4E-0447-4ADA-9D54-AD63B6A136C1}.Ad-Hoc|x64.ActiveCfg = Release|Any CPU
		{279FAE4E-0447-4ADA-9D54-AD63B6A136C1}.Ad-Hoc|x64.Build.0 = Release|Any CPU
		{279FAE4E-0447-4ADA-9D54-AD63B6A136C1}.Ad-Hoc|x64.Deploy.0 = Release|Any CPU
		{279FAE4E-0447-4ADA-9D54-AD63B6A136C1}.Ad-Hoc|x86.ActiveCfg = Release|Any CPU
		{279FAE4E-0447-4ADA-9D54-AD63B6A136C1}.Ad-Hoc|x86.Build.0 = Release|Any CPU
		{279FAE4E-0447-4ADA-9D54-AD63B6A136C1}.Ad-Hoc|x86.Deploy.0 = Release|Any CPU
		{279FAE4E-0447-4ADA-9D54-AD63B6A136C1}.AppStore|Any CPU.ActiveCfg = Release|Any CPU
		{279FAE4E-0447-4ADA-9D54-AD63B6A136C1}.AppStore|Any CPU.Build.0 = Release|Any CPU
		{279FAE4E-0447-4ADA-9D54-AD63B6A136C1}.AppStore|Any CPU.Deploy.0 = Release|Any CPU
		{279FAE4E-0447-4ADA-9D54-AD63B6A136C1}.AppStore|ARM.ActiveCfg = Release|Any CPU
		{279FAE4E-0447-4ADA-9D54-AD63B6A136C1}.AppStore|ARM.Build.0 = Release|Any CPU
		{279FAE4E-0447-4ADA-9D54-AD63B6A136C1}.AppStore|ARM.Deploy.0 = Release|Any CPU
		{279FAE4E-0447-4ADA-9D54-AD63B6A136C1}.AppStore|iPhone.ActiveCfg = Release|Any CPU
		{279FAE4E-0447-4ADA-9D54-AD63B6A136C1}.AppStore|iPhone.Build.0 = Release|Any CPU
		{279FAE4E-0447-4ADA-9D54-AD63B6A136C1}.AppStore|iPhone.Deploy.0 = Release|Any CPU
		{279FAE4E-0447-4ADA-9D54-AD63B6A136C1}.AppStore|iPhoneSimulator.ActiveCfg = Release|Any CPU
		{279FAE4E-0447-4ADA-9D54-AD63B6A136C1}.AppStore|iPhoneSimulator.Build.0 = Release|Any CPU
		{279FAE4E-0447-4ADA-9D54-AD63B6A136C1}.AppStore|iPhoneSimulator.Deploy.0 = Release|Any CPU
		{279FAE4E-0447-4ADA-9D54-AD63B6A136C1}.AppStore|x64.ActiveCfg = Release|Any CPU
		{279FAE4E-0447-4ADA-9D54-AD63B6A136C1}.AppStore|x64.Build.0 = Release|Any CPU
		{279FAE4E-0447-4ADA-9D54-AD63B6A136C1}.AppStore|x64.Deploy.0 = Release|Any CPU
		{279FAE4E-0447-4ADA-9D54-AD63B6A136C1}.AppStore|x86.ActiveCfg = Release|Any CPU
		{279FAE4E-0447-4ADA-9D54-AD63B6A136C1}.AppStore|x86.Build.0 = Release|Any CPU
		{279FAE4E-0447-4ADA-9D54-AD63B6A136C1}.AppStore|x86.Deploy.0 = Release|Any CPU
		{279FAE4E-0447-4ADA-9D54-AD63B6A136C1}.Debug|Any CPU.ActiveCfg = Debug|Any CPU
		{279FAE4E-0447-4ADA-9D54-AD63B6A136C1}.Debug|Any CPU.Build.0 = Debug|Any CPU
		{279FAE4E-0447-4ADA-9D54-AD63B6A136C1}.Debug|Any CPU.Deploy.0 = Debug|Any CPU
		{279FAE4E-0447-4ADA-9D54-AD63B6A136C1}.Debug|ARM.ActiveCfg = Debug|Any CPU
		{279FAE4E-0447-4ADA-9D54-AD63B6A136C1}.Debug|ARM.Build.0 = Debug|Any CPU
		{279FAE4E-0447-4ADA-9D54-AD63B6A136C1}.Debug|ARM.Deploy.0 = Debug|Any CPU
		{279FAE4E-0447-4ADA-9D54-AD63B6A136C1}.Debug|iPhone.ActiveCfg = Debug|Any CPU
		{279FAE4E-0447-4ADA-9D54-AD63B6A136C1}.Debug|iPhone.Build.0 = Debug|Any CPU
		{279FAE4E-0447-4ADA-9D54-AD63B6A136C1}.Debug|iPhone.Deploy.0 = Debug|Any CPU
		{279FAE4E-0447-4ADA-9D54-AD63B6A136C1}.Debug|iPhoneSimulator.ActiveCfg = Debug|Any CPU
		{279FAE4E-0447-4ADA-9D54-AD63B6A136C1}.Debug|iPhoneSimulator.Build.0 = Debug|Any CPU
		{279FAE4E-0447-4ADA-9D54-AD63B6A136C1}.Debug|iPhoneSimulator.Deploy.0 = Debug|Any CPU
		{279FAE4E-0447-4ADA-9D54-AD63B6A136C1}.Debug|x64.ActiveCfg = Debug|Any CPU
		{279FAE4E-0447-4ADA-9D54-AD63B6A136C1}.Debug|x64.Build.0 = Debug|Any CPU
		{279FAE4E-0447-4ADA-9D54-AD63B6A136C1}.Debug|x64.Deploy.0 = Debug|Any CPU
		{279FAE4E-0447-4ADA-9D54-AD63B6A136C1}.Debug|x86.ActiveCfg = Debug|Any CPU
		{279FAE4E-0447-4ADA-9D54-AD63B6A136C1}.Debug|x86.Build.0 = Debug|Any CPU
		{279FAE4E-0447-4ADA-9D54-AD63B6A136C1}.Debug|x86.Deploy.0 = Debug|Any CPU
		{279FAE4E-0447-4ADA-9D54-AD63B6A136C1}.Release|Any CPU.ActiveCfg = Release|Any CPU
		{279FAE4E-0447-4ADA-9D54-AD63B6A136C1}.Release|Any CPU.Build.0 = Release|Any CPU
		{279FAE4E-0447-4ADA-9D54-AD63B6A136C1}.Release|Any CPU.Deploy.0 = Release|Any CPU
		{279FAE4E-0447-4ADA-9D54-AD63B6A136C1}.Release|ARM.ActiveCfg = Release|Any CPU
		{279FAE4E-0447-4ADA-9D54-AD63B6A136C1}.Release|ARM.Build.0 = Release|Any CPU
		{279FAE4E-0447-4ADA-9D54-AD63B6A136C1}.Release|ARM.Deploy.0 = Release|Any CPU
		{279FAE4E-0447-4ADA-9D54-AD63B6A136C1}.Release|iPhone.ActiveCfg = Release|Any CPU
		{279FAE4E-0447-4ADA-9D54-AD63B6A136C1}.Release|iPhone.Build.0 = Release|Any CPU
		{279FAE4E-0447-4ADA-9D54-AD63B6A136C1}.Release|iPhone.Deploy.0 = Release|Any CPU
		{279FAE4E-0447-4ADA-9D54-AD63B6A136C1}.Release|iPhoneSimulator.ActiveCfg = Release|Any CPU
		{279FAE4E-0447-4ADA-9D54-AD63B6A136C1}.Release|iPhoneSimulator.Build.0 = Release|Any CPU
		{279FAE4E-0447-4ADA-9D54-AD63B6A136C1}.Release|iPhoneSimulator.Deploy.0 = Release|Any CPU
		{279FAE4E-0447-4ADA-9D54-AD63B6A136C1}.Release|x64.ActiveCfg = Release|Any CPU
		{279FAE4E-0447-4ADA-9D54-AD63B6A136C1}.Release|x64.Build.0 = Release|Any CPU
		{279FAE4E-0447-4ADA-9D54-AD63B6A136C1}.Release|x64.Deploy.0 = Release|Any CPU
		{279FAE4E-0447-4ADA-9D54-AD63B6A136C1}.Release|x86.ActiveCfg = Release|Any CPU
		{279FAE4E-0447-4ADA-9D54-AD63B6A136C1}.Release|x86.Build.0 = Release|Any CPU
		{279FAE4E-0447-4ADA-9D54-AD63B6A136C1}.Release|x86.Deploy.0 = Release|Any CPU
		{46E71514-1171-4C59-AB00-B130110D139E}.Ad-Hoc|Any CPU.ActiveCfg = Release|Any CPU
		{46E71514-1171-4C59-AB00-B130110D139E}.Ad-Hoc|Any CPU.Build.0 = Release|Any CPU
		{46E71514-1171-4C59-AB00-B130110D139E}.Ad-Hoc|ARM.ActiveCfg = Release|Any CPU
		{46E71514-1171-4C59-AB00-B130110D139E}.Ad-Hoc|ARM.Build.0 = Release|Any CPU
		{46E71514-1171-4C59-AB00-B130110D139E}.Ad-Hoc|iPhone.ActiveCfg = Release|Any CPU
		{46E71514-1171-4C59-AB00-B130110D139E}.Ad-Hoc|iPhone.Build.0 = Release|Any CPU
		{46E71514-1171-4C59-AB00-B130110D139E}.Ad-Hoc|iPhoneSimulator.ActiveCfg = Release|Any CPU
		{46E71514-1171-4C59-AB00-B130110D139E}.Ad-Hoc|iPhoneSimulator.Build.0 = Release|Any CPU
		{46E71514-1171-4C59-AB00-B130110D139E}.Ad-Hoc|x64.ActiveCfg = Release|Any CPU
		{46E71514-1171-4C59-AB00-B130110D139E}.Ad-Hoc|x64.Build.0 = Release|Any CPU
		{46E71514-1171-4C59-AB00-B130110D139E}.Ad-Hoc|x86.ActiveCfg = Release|Any CPU
		{46E71514-1171-4C59-AB00-B130110D139E}.Ad-Hoc|x86.Build.0 = Release|Any CPU
		{46E71514-1171-4C59-AB00-B130110D139E}.AppStore|Any CPU.ActiveCfg = Release|Any CPU
		{46E71514-1171-4C59-AB00-B130110D139E}.AppStore|Any CPU.Build.0 = Release|Any CPU
		{46E71514-1171-4C59-AB00-B130110D139E}.AppStore|ARM.ActiveCfg = Release|Any CPU
		{46E71514-1171-4C59-AB00-B130110D139E}.AppStore|ARM.Build.0 = Release|Any CPU
		{46E71514-1171-4C59-AB00-B130110D139E}.AppStore|iPhone.ActiveCfg = Release|Any CPU
		{46E71514-1171-4C59-AB00-B130110D139E}.AppStore|iPhone.Build.0 = Release|Any CPU
		{46E71514-1171-4C59-AB00-B130110D139E}.AppStore|iPhoneSimulator.ActiveCfg = Release|Any CPU
		{46E71514-1171-4C59-AB00-B130110D139E}.AppStore|iPhoneSimulator.Build.0 = Release|Any CPU
		{46E71514-1171-4C59-AB00-B130110D139E}.AppStore|x64.ActiveCfg = Release|Any CPU
		{46E71514-1171-4C59-AB00-B130110D139E}.AppStore|x64.Build.0 = Release|Any CPU
		{46E71514-1171-4C59-AB00-B130110D139E}.AppStore|x86.ActiveCfg = Release|Any CPU
		{46E71514-1171-4C59-AB00-B130110D139E}.AppStore|x86.Build.0 = Release|Any CPU
		{46E71514-1171-4C59-AB00-B130110D139E}.Debug|Any CPU.ActiveCfg = Debug|Any CPU
		{46E71514-1171-4C59-AB00-B130110D139E}.Debug|Any CPU.Build.0 = Debug|Any CPU
		{46E71514-1171-4C59-AB00-B130110D139E}.Debug|ARM.ActiveCfg = Debug|Any CPU
		{46E71514-1171-4C59-AB00-B130110D139E}.Debug|ARM.Build.0 = Debug|Any CPU
		{46E71514-1171-4C59-AB00-B130110D139E}.Debug|iPhone.ActiveCfg = Debug|Any CPU
		{46E71514-1171-4C59-AB00-B130110D139E}.Debug|iPhone.Build.0 = Debug|Any CPU
		{46E71514-1171-4C59-AB00-B130110D139E}.Debug|iPhoneSimulator.ActiveCfg = Debug|Any CPU
		{46E71514-1171-4C59-AB00-B130110D139E}.Debug|iPhoneSimulator.Build.0 = Debug|Any CPU
		{46E71514-1171-4C59-AB00-B130110D139E}.Debug|x64.ActiveCfg = Debug|Any CPU
		{46E71514-1171-4C59-AB00-B130110D139E}.Debug|x64.Build.0 = Debug|Any CPU
		{46E71514-1171-4C59-AB00-B130110D139E}.Debug|x86.ActiveCfg = Debug|Any CPU
		{46E71514-1171-4C59-AB00-B130110D139E}.Debug|x86.Build.0 = Debug|Any CPU
		{46E71514-1171-4C59-AB00-B130110D139E}.Release|Any CPU.ActiveCfg = Release|Any CPU
		{46E71514-1171-4C59-AB00-B130110D139E}.Release|Any CPU.Build.0 = Release|Any CPU
		{46E71514-1171-4C59-AB00-B130110D139E}.Release|ARM.ActiveCfg = Release|Any CPU
		{46E71514-1171-4C59-AB00-B130110D139E}.Release|ARM.Build.0 = Release|Any CPU
		{46E71514-1171-4C59-AB00-B130110D139E}.Release|iPhone.ActiveCfg = Release|Any CPU
		{46E71514-1171-4C59-AB00-B130110D139E}.Release|iPhone.Build.0 = Release|Any CPU
		{46E71514-1171-4C59-AB00-B130110D139E}.Release|iPhoneSimulator.ActiveCfg = Release|Any CPU
		{46E71514-1171-4C59-AB00-B130110D139E}.Release|iPhoneSimulator.Build.0 = Release|Any CPU
		{46E71514-1171-4C59-AB00-B130110D139E}.Release|x64.ActiveCfg = Release|Any CPU
		{46E71514-1171-4C59-AB00-B130110D139E}.Release|x64.Build.0 = Release|Any CPU
		{46E71514-1171-4C59-AB00-B130110D139E}.Release|x86.ActiveCfg = Release|Any CPU
		{46E71514-1171-4C59-AB00-B130110D139E}.Release|x86.Build.0 = Release|Any CPU
		{3742C3F7-8501-4717-B655-2F7C84893AFB}.Ad-Hoc|Any CPU.ActiveCfg = Release|x86
		{3742C3F7-8501-4717-B655-2F7C84893AFB}.Ad-Hoc|Any CPU.Build.0 = Release|x86
		{3742C3F7-8501-4717-B655-2F7C84893AFB}.Ad-Hoc|Any CPU.Deploy.0 = Release|x86
		{3742C3F7-8501-4717-B655-2F7C84893AFB}.Ad-Hoc|ARM.ActiveCfg = Release|ARM
		{3742C3F7-8501-4717-B655-2F7C84893AFB}.Ad-Hoc|ARM.Build.0 = Release|ARM
		{3742C3F7-8501-4717-B655-2F7C84893AFB}.Ad-Hoc|ARM.Deploy.0 = Release|ARM
		{3742C3F7-8501-4717-B655-2F7C84893AFB}.Ad-Hoc|iPhone.ActiveCfg = Release|x86
		{3742C3F7-8501-4717-B655-2F7C84893AFB}.Ad-Hoc|iPhone.Build.0 = Release|x86
		{3742C3F7-8501-4717-B655-2F7C84893AFB}.Ad-Hoc|iPhone.Deploy.0 = Release|x86
		{3742C3F7-8501-4717-B655-2F7C84893AFB}.Ad-Hoc|iPhoneSimulator.ActiveCfg = Release|x86
		{3742C3F7-8501-4717-B655-2F7C84893AFB}.Ad-Hoc|iPhoneSimulator.Build.0 = Release|x86
		{3742C3F7-8501-4717-B655-2F7C84893AFB}.Ad-Hoc|iPhoneSimulator.Deploy.0 = Release|x86
		{3742C3F7-8501-4717-B655-2F7C84893AFB}.Ad-Hoc|x64.ActiveCfg = Release|x64
		{3742C3F7-8501-4717-B655-2F7C84893AFB}.Ad-Hoc|x64.Build.0 = Release|x64
		{3742C3F7-8501-4717-B655-2F7C84893AFB}.Ad-Hoc|x64.Deploy.0 = Release|x64
		{3742C3F7-8501-4717-B655-2F7C84893AFB}.Ad-Hoc|x86.ActiveCfg = Release|x86
		{3742C3F7-8501-4717-B655-2F7C84893AFB}.Ad-Hoc|x86.Build.0 = Release|x86
		{3742C3F7-8501-4717-B655-2F7C84893AFB}.Ad-Hoc|x86.Deploy.0 = Release|x86
		{3742C3F7-8501-4717-B655-2F7C84893AFB}.AppStore|Any CPU.ActiveCfg = Release|x86
		{3742C3F7-8501-4717-B655-2F7C84893AFB}.AppStore|Any CPU.Build.0 = Release|x86
		{3742C3F7-8501-4717-B655-2F7C84893AFB}.AppStore|Any CPU.Deploy.0 = Release|x86
		{3742C3F7-8501-4717-B655-2F7C84893AFB}.AppStore|ARM.ActiveCfg = Release|ARM
		{3742C3F7-8501-4717-B655-2F7C84893AFB}.AppStore|ARM.Build.0 = Release|ARM
		{3742C3F7-8501-4717-B655-2F7C84893AFB}.AppStore|ARM.Deploy.0 = Release|ARM
		{3742C3F7-8501-4717-B655-2F7C84893AFB}.AppStore|iPhone.ActiveCfg = Release|x86
		{3742C3F7-8501-4717-B655-2F7C84893AFB}.AppStore|iPhone.Build.0 = Release|x86
		{3742C3F7-8501-4717-B655-2F7C84893AFB}.AppStore|iPhone.Deploy.0 = Release|x86
		{3742C3F7-8501-4717-B655-2F7C84893AFB}.AppStore|iPhoneSimulator.ActiveCfg = Release|x86
		{3742C3F7-8501-4717-B655-2F7C84893AFB}.AppStore|iPhoneSimulator.Build.0 = Release|x86
		{3742C3F7-8501-4717-B655-2F7C84893AFB}.AppStore|iPhoneSimulator.Deploy.0 = Release|x86
		{3742C3F7-8501-4717-B655-2F7C84893AFB}.AppStore|x64.ActiveCfg = Release|x64
		{3742C3F7-8501-4717-B655-2F7C84893AFB}.AppStore|x64.Build.0 = Release|x64
		{3742C3F7-8501-4717-B655-2F7C84893AFB}.AppStore|x64.Deploy.0 = Release|x64
		{3742C3F7-8501-4717-B655-2F7C84893AFB}.AppStore|x86.ActiveCfg = Release|x86
		{3742C3F7-8501-4717-B655-2F7C84893AFB}.AppStore|x86.Build.0 = Release|x86
		{3742C3F7-8501-4717-B655-2F7C84893AFB}.AppStore|x86.Deploy.0 = Release|x86
		{3742C3F7-8501-4717-B655-2F7C84893AFB}.Debug|Any CPU.ActiveCfg = Debug|x86
		{3742C3F7-8501-4717-B655-2F7C84893AFB}.Debug|ARM.ActiveCfg = Debug|ARM
		{3742C3F7-8501-4717-B655-2F7C84893AFB}.Debug|ARM.Build.0 = Debug|ARM
		{3742C3F7-8501-4717-B655-2F7C84893AFB}.Debug|ARM.Deploy.0 = Debug|ARM
		{3742C3F7-8501-4717-B655-2F7C84893AFB}.Debug|iPhone.ActiveCfg = Debug|x86
		{3742C3F7-8501-4717-B655-2F7C84893AFB}.Debug|iPhoneSimulator.ActiveCfg = Debug|x86
		{3742C3F7-8501-4717-B655-2F7C84893AFB}.Debug|x64.ActiveCfg = Debug|x64
		{3742C3F7-8501-4717-B655-2F7C84893AFB}.Debug|x64.Build.0 = Debug|x64
		{3742C3F7-8501-4717-B655-2F7C84893AFB}.Debug|x64.Deploy.0 = Debug|x64
		{3742C3F7-8501-4717-B655-2F7C84893AFB}.Debug|x86.ActiveCfg = Debug|x86
		{3742C3F7-8501-4717-B655-2F7C84893AFB}.Debug|x86.Build.0 = Debug|x86
		{3742C3F7-8501-4717-B655-2F7C84893AFB}.Debug|x86.Deploy.0 = Debug|x86
		{3742C3F7-8501-4717-B655-2F7C84893AFB}.Release|Any CPU.ActiveCfg = Release|x86
		{3742C3F7-8501-4717-B655-2F7C84893AFB}.Release|ARM.ActiveCfg = Release|ARM
		{3742C3F7-8501-4717-B655-2F7C84893AFB}.Release|ARM.Build.0 = Release|ARM
		{3742C3F7-8501-4717-B655-2F7C84893AFB}.Release|ARM.Deploy.0 = Release|ARM
		{3742C3F7-8501-4717-B655-2F7C84893AFB}.Release|iPhone.ActiveCfg = Release|x86
		{3742C3F7-8501-4717-B655-2F7C84893AFB}.Release|iPhoneSimulator.ActiveCfg = Release|x86
		{3742C3F7-8501-4717-B655-2F7C84893AFB}.Release|x64.ActiveCfg = Release|x64
		{3742C3F7-8501-4717-B655-2F7C84893AFB}.Release|x64.Build.0 = Release|x64
		{3742C3F7-8501-4717-B655-2F7C84893AFB}.Release|x64.Deploy.0 = Release|x64
		{3742C3F7-8501-4717-B655-2F7C84893AFB}.Release|x86.ActiveCfg = Release|x86
		{3742C3F7-8501-4717-B655-2F7C84893AFB}.Release|x86.Build.0 = Release|x86
		{3742C3F7-8501-4717-B655-2F7C84893AFB}.Release|x86.Deploy.0 = Release|x86
		{8BCE2884-0007-40E5-9D59-FEEA64CF29AD}.Ad-Hoc|Any CPU.ActiveCfg = Ad-Hoc|iPhone
		{8BCE2884-0007-40E5-9D59-FEEA64CF29AD}.Ad-Hoc|ARM.ActiveCfg = Ad-Hoc|iPhone
		{8BCE2884-0007-40E5-9D59-FEEA64CF29AD}.Ad-Hoc|iPhone.ActiveCfg = Ad-Hoc|iPhone
		{8BCE2884-0007-40E5-9D59-FEEA64CF29AD}.Ad-Hoc|iPhone.Build.0 = Ad-Hoc|iPhone
		{8BCE2884-0007-40E5-9D59-FEEA64CF29AD}.Ad-Hoc|iPhoneSimulator.ActiveCfg = Ad-Hoc|iPhoneSimulator
		{8BCE2884-0007-40E5-9D59-FEEA64CF29AD}.Ad-Hoc|iPhoneSimulator.Build.0 = Ad-Hoc|iPhoneSimulator
		{8BCE2884-0007-40E5-9D59-FEEA64CF29AD}.Ad-Hoc|x64.ActiveCfg = Ad-Hoc|iPhone
		{8BCE2884-0007-40E5-9D59-FEEA64CF29AD}.Ad-Hoc|x86.ActiveCfg = Ad-Hoc|iPhone
		{8BCE2884-0007-40E5-9D59-FEEA64CF29AD}.AppStore|Any CPU.ActiveCfg = AppStore|iPhone
		{8BCE2884-0007-40E5-9D59-FEEA64CF29AD}.AppStore|ARM.ActiveCfg = AppStore|iPhone
		{8BCE2884-0007-40E5-9D59-FEEA64CF29AD}.AppStore|iPhone.ActiveCfg = AppStore|iPhone
		{8BCE2884-0007-40E5-9D59-FEEA64CF29AD}.AppStore|iPhone.Build.0 = AppStore|iPhone
		{8BCE2884-0007-40E5-9D59-FEEA64CF29AD}.AppStore|iPhoneSimulator.ActiveCfg = AppStore|iPhoneSimulator
		{8BCE2884-0007-40E5-9D59-FEEA64CF29AD}.AppStore|iPhoneSimulator.Build.0 = AppStore|iPhoneSimulator
		{8BCE2884-0007-40E5-9D59-FEEA64CF29AD}.AppStore|x64.ActiveCfg = AppStore|iPhone
		{8BCE2884-0007-40E5-9D59-FEEA64CF29AD}.AppStore|x86.ActiveCfg = AppStore|iPhone
		{8BCE2884-0007-40E5-9D59-FEEA64CF29AD}.Debug|Any CPU.ActiveCfg = Debug|iPhone
		{8BCE2884-0007-40E5-9D59-FEEA64CF29AD}.Debug|ARM.ActiveCfg = Debug|iPhone
		{8BCE2884-0007-40E5-9D59-FEEA64CF29AD}.Debug|iPhone.ActiveCfg = Debug|iPhone
		{8BCE2884-0007-40E5-9D59-FEEA64CF29AD}.Debug|iPhone.Build.0 = Debug|iPhone
		{8BCE2884-0007-40E5-9D59-FEEA64CF29AD}.Debug|iPhoneSimulator.ActiveCfg = Debug|iPhoneSimulator
		{8BCE2884-0007-40E5-9D59-FEEA64CF29AD}.Debug|iPhoneSimulator.Build.0 = Debug|iPhoneSimulator
		{8BCE2884-0007-40E5-9D59-FEEA64CF29AD}.Debug|x64.ActiveCfg = Debug|iPhone
		{8BCE2884-0007-40E5-9D59-FEEA64CF29AD}.Debug|x86.ActiveCfg = Debug|iPhone
		{8BCE2884-0007-40E5-9D59-FEEA64CF29AD}.Release|Any CPU.ActiveCfg = Release|iPhone
		{8BCE2884-0007-40E5-9D59-FEEA64CF29AD}.Release|ARM.ActiveCfg = Release|iPhone
		{8BCE2884-0007-40E5-9D59-FEEA64CF29AD}.Release|iPhone.ActiveCfg = Release|iPhone
		{8BCE2884-0007-40E5-9D59-FEEA64CF29AD}.Release|iPhone.Build.0 = Release|iPhone
		{8BCE2884-0007-40E5-9D59-FEEA64CF29AD}.Release|iPhoneSimulator.ActiveCfg = Release|iPhoneSimulator
		{8BCE2884-0007-40E5-9D59-FEEA64CF29AD}.Release|iPhoneSimulator.Build.0 = Release|iPhoneSimulator
		{8BCE2884-0007-40E5-9D59-FEEA64CF29AD}.Release|x64.ActiveCfg = Release|iPhone
		{8BCE2884-0007-40E5-9D59-FEEA64CF29AD}.Release|x86.ActiveCfg = Release|iPhone
	EndGlobalSection
	GlobalSection(SolutionProperties) = preSolution
		HideSolutionNode = FALSE
	EndGlobalSection
	GlobalSection(ExtensibilityGlobals) = postSolution
		SolutionGuid = {016B61E2-3004-410E-94A1-0139B3534F91}
	EndGlobalSection
EndGlobal
